// !$*UTF8*$!
{
	archiveVersion = 1;
	classes = {
	};
	objectVersion = 56;
	objects = {

/* Begin PBXBuildFile section */
		750FF4E62C0213DD00D86FEA /* ToDoListApp.swift in Sources */ = {isa = PBXBuildFile; fileRef = 750FF4E52C0213DD00D86FEA /* ToDoListApp.swift */; };
		750FF4E82C0213DD00D86FEA /* MainView.swift in Sources */ = {isa = PBXBuildFile; fileRef = 750FF4E72C0213DD00D86FEA /* MainView.swift */; };
		750FF4EA2C0213E000D86FEA /* Assets.xcassets in Resources */ = {isa = PBXBuildFile; fileRef = 750FF4E92C0213E000D86FEA /* Assets.xcassets */; };
		750FF4ED2C0213E000D86FEA /* Preview Assets.xcassets in Resources */ = {isa = PBXBuildFile; fileRef = 750FF4EC2C0213E000D86FEA /* Preview Assets.xcassets */; };
		750FF4F52C02147B00D86FEA /* FirebaseAuth in Frameworks */ = {isa = PBXBuildFile; productRef = 750FF4F42C02147B00D86FEA /* FirebaseAuth */; };
		750FF4F72C02147B00D86FEA /* FirebaseFirestore in Frameworks */ = {isa = PBXBuildFile; productRef = 750FF4F62C02147B00D86FEA /* FirebaseFirestore */; };
		750FF4F92C02147B00D86FEA /* FirebaseFirestoreSwift in Frameworks */ = {isa = PBXBuildFile; productRef = 750FF4F82C02147B00D86FEA /* FirebaseFirestoreSwift */; };
		750FF4FB2C021F4400D86FEA /* GoogleService-Info.plist in Resources */ = {isa = PBXBuildFile; fileRef = 750FF4FA2C021F4400D86FEA /* GoogleService-Info.plist */; };
		75444AA42C0232A5006F700D /* ProfileView.swift in Sources */ = {isa = PBXBuildFile; fileRef = 75444AA32C0232A5006F700D /* ProfileView.swift */; };
		75444AA62C0232B8006F700D /* ToDoListView.swift in Sources */ = {isa = PBXBuildFile; fileRef = 75444AA52C0232B8006F700D /* ToDoListView.swift */; };
		75444AA82C0232CF006F700D /* NewItemView.swift in Sources */ = {isa = PBXBuildFile; fileRef = 75444AA72C0232CF006F700D /* NewItemView.swift */; };
		75444AAA2C0232DD006F700D /* LoginView.swift in Sources */ = {isa = PBXBuildFile; fileRef = 75444AA92C0232DD006F700D /* LoginView.swift */; };
		75444AAC2C0232E7006F700D /* RegisterView.swift in Sources */ = {isa = PBXBuildFile; fileRef = 75444AAB2C0232E7006F700D /* RegisterView.swift */; };
		75444AAE2C023314006F700D /* ToDoListItemView.swift in Sources */ = {isa = PBXBuildFile; fileRef = 75444AAD2C023314006F700D /* ToDoListItemView.swift */; };
		75444AB02C023353006F700D /* User.swift in Sources */ = {isa = PBXBuildFile; fileRef = 75444AAF2C023353006F700D /* User.swift */; };
		75444AB22C023364006F700D /* ToDoListItem.swift in Sources */ = {isa = PBXBuildFile; fileRef = 75444AB12C023364006F700D /* ToDoListItem.swift */; };
		75444AB42C023399006F700D /* MainViewViewModel.swift in Sources */ = {isa = PBXBuildFile; fileRef = 75444AB32C023399006F700D /* MainViewViewModel.swift */; };
		75444AB62C0233AA006F700D /* ProfileViewViewModel.swift in Sources */ = {isa = PBXBuildFile; fileRef = 75444AB52C0233AA006F700D /* ProfileViewViewModel.swift */; };
		75444AB82C0233B8006F700D /* ToDoListViewViewModel.swift in Sources */ = {isa = PBXBuildFile; fileRef = 75444AB72C0233B8006F700D /* ToDoListViewViewModel.swift */; };
		75444ABA2C0233CC006F700D /* NewItemViewViewModel.swift in Sources */ = {isa = PBXBuildFile; fileRef = 75444AB92C0233CC006F700D /* NewItemViewViewModel.swift */; };
		75444ABC2C0233DD006F700D /* LoginViewViewModel.swift in Sources */ = {isa = PBXBuildFile; fileRef = 75444ABB2C0233DD006F700D /* LoginViewViewModel.swift */; };
		75444ABE2C0233E8006F700D /* RegisterViewViewModel.swift in Sources */ = {isa = PBXBuildFile; fileRef = 75444ABD2C0233E8006F700D /* RegisterViewViewModel.swift */; };
		75444AC02C0233F6006F700D /* ToDoListItemViewViewModel.swift in Sources */ = {isa = PBXBuildFile; fileRef = 75444ABF2C0233F6006F700D /* ToDoListItemViewViewModel.swift */; };
		756BE46F2C023A670062C7D3 /* HeaderView.swift in Sources */ = {isa = PBXBuildFile; fileRef = 756BE46E2C023A670062C7D3 /* HeaderView.swift */; };
		756BE4712C024F220062C7D3 /* TLButton.swift in Sources */ = {isa = PBXBuildFile; fileRef = 756BE4702C024F220062C7D3 /* TLButton.swift */; };
		756BE4732C02F4860062C7D3 /* Extensions.swift in Sources */ = {isa = PBXBuildFile; fileRef = 756BE4722C02F4860062C7D3 /* Extensions.swift */; };
/* End PBXBuildFile section */

/* Begin PBXFileReference section */
		750FF4E22C0213DD00D86FEA /* ToDoList.app */ = {isa = PBXFileReference; explicitFileType = wrapper.application; includeInIndex = 0; path = ToDoList.app; sourceTree = BUILT_PRODUCTS_DIR; };
		750FF4E52C0213DD00D86FEA /* ToDoListApp.swift */ = {isa = PBXFileReference; lastKnownFileType = sourcecode.swift; path = ToDoListApp.swift; sourceTree = "<group>"; };
		750FF4E72C0213DD00D86FEA /* MainView.swift */ = {isa = PBXFileReference; lastKnownFileType = sourcecode.swift; name = MainView.swift; path = ToDoList/Views/MainView.swift; sourceTree = SOURCE_ROOT; usesTabs = 1; };
		750FF4E92C0213E000D86FEA /* Assets.xcassets */ = {isa = PBXFileReference; lastKnownFileType = folder.assetcatalog; path = Assets.xcassets; sourceTree = "<group>"; };
		750FF4EC2C0213E000D86FEA /* Preview Assets.xcassets */ = {isa = PBXFileReference; lastKnownFileType = folder.assetcatalog; path = "Preview Assets.xcassets"; sourceTree = "<group>"; };
		750FF4FA2C021F4400D86FEA /* GoogleService-Info.plist */ = {isa = PBXFileReference; fileEncoding = 4; lastKnownFileType = text.plist.xml; path = "GoogleService-Info.plist"; sourceTree = "<group>"; };
		75444AA32C0232A5006F700D /* ProfileView.swift */ = {isa = PBXFileReference; lastKnownFileType = sourcecode.swift; path = ProfileView.swift; sourceTree = "<group>"; };
		75444AA52C0232B8006F700D /* ToDoListView.swift */ = {isa = PBXFileReference; lastKnownFileType = sourcecode.swift; path = ToDoListView.swift; sourceTree = "<group>"; };
		75444AA72C0232CF006F700D /* NewItemView.swift */ = {isa = PBXFileReference; lastKnownFileType = sourcecode.swift; path = NewItemView.swift; sourceTree = "<group>"; };
		75444AA92C0232DD006F700D /* LoginView.swift */ = {isa = PBXFileReference; lastKnownFileType = sourcecode.swift; path = LoginView.swift; sourceTree = "<group>"; };
		75444AAB2C0232E7006F700D /* RegisterView.swift */ = {isa = PBXFileReference; lastKnownFileType = sourcecode.swift; path = RegisterView.swift; sourceTree = "<group>"; };
		75444AAD2C023314006F700D /* ToDoListItemView.swift */ = {isa = PBXFileReference; lastKnownFileType = sourcecode.swift; path = ToDoListItemView.swift; sourceTree = "<group>"; };
		75444AAF2C023353006F700D /* User.swift */ = {isa = PBXFileReference; lastKnownFileType = sourcecode.swift; path = User.swift; sourceTree = "<group>"; };
		75444AB12C023364006F700D /* ToDoListItem.swift */ = {isa = PBXFileReference; lastKnownFileType = sourcecode.swift; path = ToDoListItem.swift; sourceTree = "<group>"; };
		75444AB32C023399006F700D /* MainViewViewModel.swift */ = {isa = PBXFileReference; lastKnownFileType = sourcecode.swift; path = MainViewViewModel.swift; sourceTree = "<group>"; };
		75444AB52C0233AA006F700D /* ProfileViewViewModel.swift */ = {isa = PBXFileReference; lastKnownFileType = sourcecode.swift; path = ProfileViewViewModel.swift; sourceTree = "<group>"; };
		75444AB72C0233B8006F700D /* ToDoListViewViewModel.swift */ = {isa = PBXFileReference; lastKnownFileType = sourcecode.swift; path = ToDoListViewViewModel.swift; sourceTree = "<group>"; };
		75444AB92C0233CC006F700D /* NewItemViewViewModel.swift */ = {isa = PBXFileReference; lastKnownFileType = sourcecode.swift; path = NewItemViewViewModel.swift; sourceTree = "<group>"; };
		75444ABB2C0233DD006F700D /* LoginViewViewModel.swift */ = {isa = PBXFileReference; lastKnownFileType = sourcecode.swift; path = LoginViewViewModel.swift; sourceTree = "<group>"; };
		75444ABD2C0233E8006F700D /* RegisterViewViewModel.swift */ = {isa = PBXFileReference; lastKnownFileType = sourcecode.swift; path = RegisterViewViewModel.swift; sourceTree = "<group>"; };
		75444ABF2C0233F6006F700D /* ToDoListItemViewViewModel.swift */ = {isa = PBXFileReference; lastKnownFileType = sourcecode.swift; path = ToDoListItemViewViewModel.swift; sourceTree = "<group>"; };
		756BE46E2C023A670062C7D3 /* HeaderView.swift */ = {isa = PBXFileReference; lastKnownFileType = sourcecode.swift; path = HeaderView.swift; sourceTree = "<group>"; };
		756BE4702C024F220062C7D3 /* TLButton.swift */ = {isa = PBXFileReference; lastKnownFileType = sourcecode.swift; path = TLButton.swift; sourceTree = "<group>"; };
		756BE4722C02F4860062C7D3 /* Extensions.swift */ = {isa = PBXFileReference; lastKnownFileType = sourcecode.swift; path = Extensions.swift; sourceTree = "<group>"; };
/* End PBXFileReference section */

/* Begin PBXFrameworksBuildPhase section */
		750FF4DF2C0213DD00D86FEA /* Frameworks */ = {
			isa = PBXFrameworksBuildPhase;
			buildActionMask = 2147483647;
			files = (
				750FF4F52C02147B00D86FEA /* FirebaseAuth in Frameworks */,
				750FF4F72C02147B00D86FEA /* FirebaseFirestore in Frameworks */,
				750FF4F92C02147B00D86FEA /* FirebaseFirestoreSwift in Frameworks */,
			);
			runOnlyForDeploymentPostprocessing = 0;
		};
/* End PBXFrameworksBuildPhase section */

/* Begin PBXGroup section */
		750FF4D92C0213DD00D86FEA = {
			isa = PBXGroup;
			children = (
				750FF4E42C0213DD00D86FEA /* ToDoList */,
				750FF4E32C0213DD00D86FEA /* Products */,
			);
			sourceTree = "<group>";
		};
		750FF4E32C0213DD00D86FEA /* Products */ = {
			isa = PBXGroup;
			children = (
				750FF4E22C0213DD00D86FEA /* ToDoList.app */,
			);
			name = Products;
			sourceTree = "<group>";
		};
		750FF4E42C0213DD00D86FEA /* ToDoList */ = {
			isa = PBXGroup;
			children = (
				750FF5012C022DB000D86FEA /* Other */,
				750FF5002C022DA600D86FEA /* Models */,
				750FF4FE2C022D8A00D86FEA /* ViewModels */,
				750FF4FD2C02297C00D86FEA /* Views */,
				750FF4EB2C0213E000D86FEA /* Preview Content */,
			);
			path = ToDoList;
			sourceTree = "<group>";
		};
		750FF4EB2C0213E000D86FEA /* Preview Content */ = {
			isa = PBXGroup;
			children = (
				750FF4EC2C0213E000D86FEA /* Preview Assets.xcassets */,
			);
			path = "Preview Content";
			sourceTree = "<group>";
		};
		750FF4FD2C02297C00D86FEA /* Views */ = {
			isa = PBXGroup;
			children = (
				756BE46E2C023A670062C7D3 /* HeaderView.swift */,
				750FF4E72C0213DD00D86FEA /* MainView.swift */,
				75444AA32C0232A5006F700D /* ProfileView.swift */,
				75444AA52C0232B8006F700D /* ToDoListView.swift */,
				75444AA72C0232CF006F700D /* NewItemView.swift */,
				75444AA92C0232DD006F700D /* LoginView.swift */,
				75444AAB2C0232E7006F700D /* RegisterView.swift */,
				75444AAD2C023314006F700D /* ToDoListItemView.swift */,
				756BE4702C024F220062C7D3 /* TLButton.swift */,
			);
			path = Views;
			sourceTree = "<group>";
		};
		750FF4FE2C022D8A00D86FEA /* ViewModels */ = {
			isa = PBXGroup;
			children = (
				75444AB32C023399006F700D /* MainViewViewModel.swift */,
				75444AB52C0233AA006F700D /* ProfileViewViewModel.swift */,
				75444AB72C0233B8006F700D /* ToDoListViewViewModel.swift */,
				75444AB92C0233CC006F700D /* NewItemViewViewModel.swift */,
				75444ABB2C0233DD006F700D /* LoginViewViewModel.swift */,
				75444ABD2C0233E8006F700D /* RegisterViewViewModel.swift */,
				75444ABF2C0233F6006F700D /* ToDoListItemViewViewModel.swift */,
			);
			path = ViewModels;
			sourceTree = "<group>";
		};
		750FF5002C022DA600D86FEA /* Models */ = {
			isa = PBXGroup;
			children = (
				75444AAF2C023353006F700D /* User.swift */,
				75444AB12C023364006F700D /* ToDoListItem.swift */,
			);
			path = Models;
			sourceTree = "<group>";
		};
		750FF5012C022DB000D86FEA /* Other */ = {
			isa = PBXGroup;
			children = (
				750FF4E52C0213DD00D86FEA /* ToDoListApp.swift */,
				750FF4E92C0213E000D86FEA /* Assets.xcassets */,
				750FF4FA2C021F4400D86FEA /* GoogleService-Info.plist */,
				756BE4722C02F4860062C7D3 /* Extensions.swift */,
			);
			path = Other;
			sourceTree = "<group>";
		};
/* End PBXGroup section */

/* Begin PBXNativeTarget section */
		750FF4E12C0213DD00D86FEA /* ToDoList */ = {
			isa = PBXNativeTarget;
			buildConfigurationList = 750FF4F02C0213E000D86FEA /* Build configuration list for PBXNativeTarget "ToDoList" */;
			buildPhases = (
				750FF4DE2C0213DD00D86FEA /* Sources */,
				750FF4DF2C0213DD00D86FEA /* Frameworks */,
				750FF4E02C0213DD00D86FEA /* Resources */,
			);
			buildRules = (
			);
			dependencies = (
			);
			name = ToDoList;
			packageProductDependencies = (
				750FF4F42C02147B00D86FEA /* FirebaseAuth */,
				750FF4F62C02147B00D86FEA /* FirebaseFirestore */,
				750FF4F82C02147B00D86FEA /* FirebaseFirestoreSwift */,
			);
			productName = ToDoList;
			productReference = 750FF4E22C0213DD00D86FEA /* ToDoList.app */;
			productType = "com.apple.product-type.application";
		};
/* End PBXNativeTarget section */

/* Begin PBXProject section */
		750FF4DA2C0213DD00D86FEA /* Project object */ = {
			isa = PBXProject;
			attributes = {
				BuildIndependentTargetsInParallel = 1;
				LastSwiftUpdateCheck = 1540;
				LastUpgradeCheck = 1540;
				TargetAttributes = {
					750FF4E12C0213DD00D86FEA = {
						CreatedOnToolsVersion = 15.4;
					};
				};
			};
			buildConfigurationList = 750FF4DD2C0213DD00D86FEA /* Build configuration list for PBXProject "ToDoList" */;
			compatibilityVersion = "Xcode 14.0";
			developmentRegion = en;
			hasScannedForEncodings = 0;
			knownRegions = (
				en,
				Base,
			);
			mainGroup = 750FF4D92C0213DD00D86FEA;
			packageReferences = (
				750FF4F32C02147A00D86FEA /* XCRemoteSwiftPackageReference "firebase-ios-sdk" */,
			);
			productRefGroup = 750FF4E32C0213DD00D86FEA /* Products */;
			projectDirPath = "";
			projectRoot = "";
			targets = (
				750FF4E12C0213DD00D86FEA /* ToDoList */,
			);
		};
/* End PBXProject section */

/* Begin PBXResourcesBuildPhase section */
		750FF4E02C0213DD00D86FEA /* Resources */ = {
			isa = PBXResourcesBuildPhase;
			buildActionMask = 2147483647;
			files = (
				750FF4ED2C0213E000D86FEA /* Preview Assets.xcassets in Resources */,
				750FF4EA2C0213E000D86FEA /* Assets.xcassets in Resources */,
				750FF4FB2C021F4400D86FEA /* GoogleService-Info.plist in Resources */,
			);
			runOnlyForDeploymentPostprocessing = 0;
		};
/* End PBXResourcesBuildPhase section */

/* Begin PBXSourcesBuildPhase section */
		750FF4DE2C0213DD00D86FEA /* Sources */ = {
			isa = PBXSourcesBuildPhase;
			buildActionMask = 2147483647;
			files = (
				75444AAA2C0232DD006F700D /* LoginView.swift in Sources */,
				756BE46F2C023A670062C7D3 /* HeaderView.swift in Sources */,
				750FF4E82C0213DD00D86FEA /* MainView.swift in Sources */,
				75444ABE2C0233E8006F700D /* RegisterViewViewModel.swift in Sources */,
				75444AB42C023399006F700D /* MainViewViewModel.swift in Sources */,
				75444AA62C0232B8006F700D /* ToDoListView.swift in Sources */,
				75444AAC2C0232E7006F700D /* RegisterView.swift in Sources */,
				756BE4712C024F220062C7D3 /* TLButton.swift in Sources */,
				75444AB62C0233AA006F700D /* ProfileViewViewModel.swift in Sources */,
				75444AA42C0232A5006F700D /* ProfileView.swift in Sources */,
				75444AB02C023353006F700D /* User.swift in Sources */,
				75444AAE2C023314006F700D /* ToDoListItemView.swift in Sources */,
				75444AB82C0233B8006F700D /* ToDoListViewViewModel.swift in Sources */,
				75444ABC2C0233DD006F700D /* LoginViewViewModel.swift in Sources */,
				750FF4E62C0213DD00D86FEA /* ToDoListApp.swift in Sources */,
				756BE4732C02F4860062C7D3 /* Extensions.swift in Sources */,
				75444AB22C023364006F700D /* ToDoListItem.swift in Sources */,
				75444AA82C0232CF006F700D /* NewItemView.swift in Sources */,
				75444ABA2C0233CC006F700D /* NewItemViewViewModel.swift in Sources */,
				75444AC02C0233F6006F700D /* ToDoListItemViewViewModel.swift in Sources */,
			);
			runOnlyForDeploymentPostprocessing = 0;
		};
/* End PBXSourcesBuildPhase section */

/* Begin XCBuildConfiguration section */
		750FF4EE2C0213E000D86FEA /* Debug */ = {
			isa = XCBuildConfiguration;
			buildSettings = {
				ALWAYS_SEARCH_USER_PATHS = NO;
				ASSETCATALOG_COMPILER_GENERATE_SWIFT_ASSET_SYMBOL_EXTENSIONS = YES;
				CLANG_ANALYZER_NONNULL = YES;
				CLANG_ANALYZER_NUMBER_OBJECT_CONVERSION = YES_AGGRESSIVE;
				CLANG_CXX_LANGUAGE_STANDARD = "gnu++20";
				CLANG_ENABLE_MODULES = YES;
				CLANG_ENABLE_OBJC_ARC = YES;
				CLANG_ENABLE_OBJC_WEAK = YES;
				CLANG_WARN_BLOCK_CAPTURE_AUTORELEASING = YES;
				CLANG_WARN_BOOL_CONVERSION = YES;
				CLANG_WARN_COMMA = YES;
				CLANG_WARN_CONSTANT_CONVERSION = YES;
				CLANG_WARN_DEPRECATED_OBJC_IMPLEMENTATIONS = YES;
				CLANG_WARN_DIRECT_OBJC_ISA_USAGE = YES_ERROR;
				CLANG_WARN_DOCUMENTATION_COMMENTS = YES;
				CLANG_WARN_EMPTY_BODY = YES;
				CLANG_WARN_ENUM_CONVERSION = YES;
				CLANG_WARN_INFINITE_RECURSION = YES;
				CLANG_WARN_INT_CONVERSION = YES;
				CLANG_WARN_NON_LITERAL_NULL_CONVERSION = YES;
				CLANG_WARN_OBJC_IMPLICIT_RETAIN_SELF = YES;
				CLANG_WARN_OBJC_LITERAL_CONVERSION = YES;
				CLANG_WARN_OBJC_ROOT_CLASS = YES_ERROR;
				CLANG_WARN_QUOTED_INCLUDE_IN_FRAMEWORK_HEADER = YES;
				CLANG_WARN_RANGE_LOOP_ANALYSIS = YES;
				CLANG_WARN_STRICT_PROTOTYPES = YES;
				CLANG_WARN_SUSPICIOUS_MOVE = YES;
				CLANG_WARN_UNGUARDED_AVAILABILITY = YES_AGGRESSIVE;
				CLANG_WARN_UNREACHABLE_CODE = YES;
				CLANG_WARN__DUPLICATE_METHOD_MATCH = YES;
				COPY_PHASE_STRIP = NO;
				DEBUG_INFORMATION_FORMAT = dwarf;
				ENABLE_STRICT_OBJC_MSGSEND = YES;
				ENABLE_TESTABILITY = YES;
				ENABLE_USER_SCRIPT_SANDBOXING = YES;
				GCC_C_LANGUAGE_STANDARD = gnu17;
				GCC_DYNAMIC_NO_PIC = NO;
				GCC_NO_COMMON_BLOCKS = YES;
				GCC_OPTIMIZATION_LEVEL = 0;
				GCC_PREPROCESSOR_DEFINITIONS = (
					"DEBUG=1",
					"$(inherited)",
				);
				GCC_WARN_64_TO_32_BIT_CONVERSION = YES;
				GCC_WARN_ABOUT_RETURN_TYPE = YES_ERROR;
				GCC_WARN_UNDECLARED_SELECTOR = YES;
				GCC_WARN_UNINITIALIZED_AUTOS = YES_AGGRESSIVE;
				GCC_WARN_UNUSED_FUNCTION = YES;
				GCC_WARN_UNUSED_VARIABLE = YES;
				IPHONEOS_DEPLOYMENT_TARGET = 17.5;
				LOCALIZATION_PREFERS_STRING_CATALOGS = YES;
				MTL_ENABLE_DEBUG_INFO = INCLUDE_SOURCE;
				MTL_FAST_MATH = YES;
				ONLY_ACTIVE_ARCH = YES;
				SDKROOT = iphoneos;
				SWIFT_ACTIVE_COMPILATION_CONDITIONS = "DEBUG $(inherited)";
				SWIFT_OPTIMIZATION_LEVEL = "-Onone";
			};
			name = Debug;
		};
		750FF4EF2C0213E000D86FEA /* Release */ = {
			isa = XCBuildConfiguration;
			buildSettings = {
				ALWAYS_SEARCH_USER_PATHS = NO;
				ASSETCATALOG_COMPILER_GENERATE_SWIFT_ASSET_SYMBOL_EXTENSIONS = YES;
				CLANG_ANALYZER_NONNULL = YES;
				CLANG_ANALYZER_NUMBER_OBJECT_CONVERSION = YES_AGGRESSIVE;
				CLANG_CXX_LANGUAGE_STANDARD = "gnu++20";
				CLANG_ENABLE_MODULES = YES;
				CLANG_ENABLE_OBJC_ARC = YES;
				CLANG_ENABLE_OBJC_WEAK = YES;
				CLANG_WARN_BLOCK_CAPTURE_AUTORELEASING = YES;
				CLANG_WARN_BOOL_CONVERSION = YES;
				CLANG_WARN_COMMA = YES;
				CLANG_WARN_CONSTANT_CONVERSION = YES;
				CLANG_WARN_DEPRECATED_OBJC_IMPLEMENTATIONS = YES;
				CLANG_WARN_DIRECT_OBJC_ISA_USAGE = YES_ERROR;
				CLANG_WARN_DOCUMENTATION_COMMENTS = YES;
				CLANG_WARN_EMPTY_BODY = YES;
				CLANG_WARN_ENUM_CONVERSION = YES;
				CLANG_WARN_INFINITE_RECURSION = YES;
				CLANG_WARN_INT_CONVERSION = YES;
				CLANG_WARN_NON_LITERAL_NULL_CONVERSION = YES;
				CLANG_WARN_OBJC_IMPLICIT_RETAIN_SELF = YES;
				CLANG_WARN_OBJC_LITERAL_CONVERSION = YES;
				CLANG_WARN_OBJC_ROOT_CLASS = YES_ERROR;
				CLANG_WARN_QUOTED_INCLUDE_IN_FRAMEWORK_HEADER = YES;
				CLANG_WARN_RANGE_LOOP_ANALYSIS = YES;
				CLANG_WARN_STRICT_PROTOTYPES = YES;
				CLANG_WARN_SUSPICIOUS_MOVE = YES;
				CLANG_WARN_UNGUARDED_AVAILABILITY = YES_AGGRESSIVE;
				CLANG_WARN_UNREACHABLE_CODE = YES;
				CLANG_WARN__DUPLICATE_METHOD_MATCH = YES;
				COPY_PHASE_STRIP = NO;
				DEBUG_INFORMATION_FORMAT = "dwarf-with-dsym";
				ENABLE_NS_ASSERTIONS = NO;
				ENABLE_STRICT_OBJC_MSGSEND = YES;
				ENABLE_USER_SCRIPT_SANDBOXING = YES;
				GCC_C_LANGUAGE_STANDARD = gnu17;
				GCC_NO_COMMON_BLOCKS = YES;
				GCC_WARN_64_TO_32_BIT_CONVERSION = YES;
				GCC_WARN_ABOUT_RETURN_TYPE = YES_ERROR;
				GCC_WARN_UNDECLARED_SELECTOR = YES;
				GCC_WARN_UNINITIALIZED_AUTOS = YES_AGGRESSIVE;
				GCC_WARN_UNUSED_FUNCTION = YES;
				GCC_WARN_UNUSED_VARIABLE = YES;
				IPHONEOS_DEPLOYMENT_TARGET = 17.5;
				LOCALIZATION_PREFERS_STRING_CATALOGS = YES;
				MTL_ENABLE_DEBUG_INFO = NO;
				MTL_FAST_MATH = YES;
				SDKROOT = iphoneos;
				SWIFT_COMPILATION_MODE = wholemodule;
				VALIDATE_PRODUCT = YES;
			};
			name = Release;
		};
		750FF4F12C0213E000D86FEA /* Debug */ = {
			isa = XCBuildConfiguration;
			buildSettings = {
				ASSETCATALOG_COMPILER_APPICON_NAME = AppIcon;
				ASSETCATALOG_COMPILER_GLOBAL_ACCENT_COLOR_NAME = AccentColor;
				CODE_SIGN_STYLE = Automatic;
				CURRENT_PROJECT_VERSION = 1;
				DEVELOPMENT_ASSET_PATHS = "\"ToDoList/Preview Content\"";
				DEVELOPMENT_TEAM = 3G3TCHZ6WM;
				ENABLE_PREVIEWS = YES;
				GENERATE_INFOPLIST_FILE = YES;
				INFOPLIST_KEY_CFBundleDisplayName = "ToDo List";
				INFOPLIST_KEY_UIApplicationSceneManifest_Generation = YES;
				INFOPLIST_KEY_UIApplicationSupportsIndirectInputEvents = YES;
				INFOPLIST_KEY_UILaunchScreen_Generation = YES;
				INFOPLIST_KEY_UISupportedInterfaceOrientations = UIInterfaceOrientationPortrait;
				LD_RUNPATH_SEARCH_PATHS = (
					"$(inherited)",
					"@executable_path/Frameworks",
				);
				MARKETING_VERSION = 1.0;
				PRODUCT_BUNDLE_IDENTIFIER = com.suji.ToDoList;
				PRODUCT_NAME = "$(TARGET_NAME)";
				SWIFT_EMIT_LOC_STRINGS = YES;
				SWIFT_VERSION = 5.0;
				TARGETED_DEVICE_FAMILY = "1,2";
			};
			name = Debug;
		};
		750FF4F22C0213E000D86FEA /* Release */ = {
			isa = XCBuildConfiguration;
			buildSettings = {
				ASSETCATALOG_COMPILER_APPICON_NAME = AppIcon;
				ASSETCATALOG_COMPILER_GLOBAL_ACCENT_COLOR_NAME = AccentColor;
				CODE_SIGN_STYLE = Automatic;
				CURRENT_PROJECT_VERSION = 1;
				DEVELOPMENT_ASSET_PATHS = "\"ToDoList/Preview Content\"";
				DEVELOPMENT_TEAM = 3G3TCHZ6WM;
				ENABLE_PREVIEWS = YES;
				GENERATE_INFOPLIST_FILE = YES;
				INFOPLIST_KEY_CFBundleDisplayName = "ToDo List";
				INFOPLIST_KEY_UIApplicationSceneManifest_Generation = YES;
				INFOPLIST_KEY_UIApplicationSupportsIndirectInputEvents = YES;
				INFOPLIST_KEY_UILaunchScreen_Generation = YES;
				INFOPLIST_KEY_UISupportedInterfaceOrientations = UIInterfaceOrientationPortrait;
				LD_RUNPATH_SEARCH_PATHS = (
					"$(inherited)",
					"@executable_path/Frameworks",
				);
				MARKETING_VERSION = 1.0;
				PRODUCT_BUNDLE_IDENTIFIER = com.suji.ToDoList;
				PRODUCT_NAME = "$(TARGET_NAME)";
				SWIFT_EMIT_LOC_STRINGS = YES;
				SWIFT_VERSION = 5.0;
				TARGETED_DEVICE_FAMILY = "1,2";
			};
			name = Release;
		};
/* End XCBuildConfiguration section */

/* Begin XCConfigurationList section */
		750FF4DD2C0213DD00D86FEA /* Build configuration list for PBXProject "ToDoList" */ = {
			isa = XCConfigurationList;
			buildConfigurations = (
				750FF4EE2C0213E000D86FEA /* Debug */,
				750FF4EF2C0213E000D86FEA /* Release */,
			);
			defaultConfigurationIsVisible = 0;
			defaultConfigurationName = Release;
		};
		750FF4F02C0213E000D86FEA /* Build configuration list for PBXNativeTarget "ToDoList" */ = {
			isa = XCConfigurationList;
			buildConfigurations = (
				750FF4F12C0213E000D86FEA /* Debug */,
				750FF4F22C0213E000D86FEA /* Release */,
			);
			defaultConfigurationIsVisible = 0;
			defaultConfigurationName = Release;
		};
/* End XCConfigurationList section */

/* Begin XCRemoteSwiftPackageReference section */
		750FF4F32C02147A00D86FEA /* XCRemoteSwiftPackageReference "firebase-ios-sdk" */ = {
			isa = XCRemoteSwiftPackageReference;
			repositoryURL = "https://github.com/firebase/firebase-ios-sdk.git";
			requirement = {
				kind = upToNextMajorVersion;
				minimumVersion = 10.26.0;
			};
		};
/* End XCRemoteSwiftPackageReference section */

/* Begin XCSwiftPackageProductDependency section */
		750FF4F42C02147B00D86FEA /* FirebaseAuth */ = {
			isa = XCSwiftPackageProductDependency;
			package = 750FF4F32C02147A00D86FEA /* XCRemoteSwiftPackageReference "firebase-ios-sdk" */;
			productName = FirebaseAuth;
		};
		750FF4F62C02147B00D86FEA /* FirebaseFirestore */ = {
			isa = XCSwiftPackageProductDependency;
			package = 750FF4F32C02147A00D86FEA /* XCRemoteSwiftPackageReference "firebase-ios-sdk" */;
			productName = FirebaseFirestore;
		};
		750FF4F82C02147B00D86FEA /* FirebaseFirestoreSwift */ = {
			isa = XCSwiftPackageProductDependency;
			package = 750FF4F32C02147A00D86FEA /* XCRemoteSwiftPackageReference "firebase-ios-sdk" */;
			productName = FirebaseFirestoreSwift;
		};
/* End XCSwiftPackageProductDependency section */
	};
	rootObject = 750FF4DA2C0213DD00D86FEA /* Project object */;
}
